
Microsoft Visual Studio Solution File, Format Version 12.00
# Visual Studio Version 17
VisualStudioVersion = 17.9.34622.214
MinimumVisualStudioVersion = 10.0.40219.1
Project("{FAE04EC0-301F-11D3-BF4B-00C04F79EFBC}") = "be-5-test", "be-5-test\be-5-test.csproj", "{E2237EBF-1F02-4096-96DD-7162D3CB15CF}"
EndProject
Global
	GlobalSection(SolutionConfigurationPlatforms) = preSolution
		Debug|Any CPU = Debug|Any CPU
		Release|Any CPU = Release|Any CPU
	EndGlobalSection
	GlobalSection(ProjectConfigurationPlatforms) = postSolution
		{E2237EBF-1F02-4096-96DD-7162D3CB15CF}.Debug|Any CPU.ActiveCfg = Debug|Any CPU
		{E2237EBF-1F02-4096-96DD-7162D3CB15CF}.Debug|Any CPU.Build.0 = Debug|Any CPU
		{E2237EBF-1F02-4096-96DD-7162D3CB15CF}.Release|Any CPU.ActiveCfg = Release|Any CPU
		{E2237EBF-1F02-4096-96DD-7162D3CB15CF}.Release|Any CPU.Build.0 = Release|Any CPU
	EndGlobalSection
	GlobalSection(SolutionProperties) = preSolution
		HideSolutionNode = FALSE
	EndGlobalSection
	GlobalSection(ExtensibilityGlobals) = postSolution
		SolutionGuid = {56F9AD6E-BDA8-4E30-A0B0-3BCA9A04CF44}
	EndGlobalSection
EndGlobal
